
Microsoft Visual Studio Solution File, Format Version 12.00
# Visual Studio Version 16
VisualStudioVersion = 16.0.30611.23
MinimumVisualStudioVersion = 10.0.40219.1
Project("{FAE04EC0-301F-11D3-BF4B-00C04F79EFBC}") = "Doorman", "Doorman\Doorman.csproj", "{547EB12D-FABF-43EE-96FD-2AF5A936EA95}"
EndProject
Project("{FAE04EC0-301F-11D3-BF4B-00C04F79EFBC}") = "DoorMan.DataAccess", "DoorMan.DataAccess\DoorMan.DataAccess.csproj", "{9C2A3A57-3E50-4689-A9E1-F5CD4685D90B}"
EndProject
Project("{FAE04EC0-301F-11D3-BF4B-00C04F79EFBC}") = "Doorman.Model", "Doorman.Model\Doorman.Model.csproj", "{BAEFFDEF-FC7B-4612-B7EC-B33AF27C35F5}"
EndProject
Project("{9A19103F-16F7-4668-BE54-9A1E7A4F7556}") = "Doorman.Tests", "Doorman.Tests\Doorman.Tests.csproj", "{BA5A827C-A6D1-4698-BBE5-55BBC6094260}"
EndProject
Project("{2150E333-8FDC-42A3-9474-1A3956D46DE8}") = "Solution Items", "Solution Items", "{876EBB45-0389-4E48-A423-5B2ED9FA4572}"
	ProjectSection(SolutionItems) = preProject
		ToDo.md = ToDo.md
	EndProjectSection
EndProject
Global
	GlobalSection(SolutionConfigurationPlatforms) = preSolution
		Debug|Any CPU = Debug|Any CPU
		Release|Any CPU = Release|Any CPU
	EndGlobalSection
	GlobalSection(ProjectConfigurationPlatforms) = postSolution
		{547EB12D-FABF-43EE-96FD-2AF5A936EA95}.Debug|Any CPU.ActiveCfg = Debug|Any CPU
		{547EB12D-FABF-43EE-96FD-2AF5A936EA95}.Debug|Any CPU.Build.0 = Debug|Any CPU
		{547EB12D-FABF-43EE-96FD-2AF5A936EA95}.Release|Any CPU.ActiveCfg = Release|Any CPU
		{547EB12D-FABF-43EE-96FD-2AF5A936EA95}.Release|Any CPU.Build.0 = Release|Any CPU
		{9C2A3A57-3E50-4689-A9E1-F5CD4685D90B}.Debug|Any CPU.ActiveCfg = Debug|Any CPU
		{9C2A3A57-3E50-4689-A9E1-F5CD4685D90B}.Debug|Any CPU.Build.0 = Debug|Any CPU
		{9C2A3A57-3E50-4689-A9E1-F5CD4685D90B}.Release|Any CPU.ActiveCfg = Release|Any CPU
		{9C2A3A57-3E50-4689-A9E1-F5CD4685D90B}.Release|Any CPU.Build.0 = Release|Any CPU
		{BAEFFDEF-FC7B-4612-B7EC-B33AF27C35F5}.Debug|Any CPU.ActiveCfg = Debug|Any CPU
		{BAEFFDEF-FC7B-4612-B7EC-B33AF27C35F5}.Debug|Any CPU.Build.0 = Debug|Any CPU
		{BAEFFDEF-FC7B-4612-B7EC-B33AF27C35F5}.Release|Any CPU.ActiveCfg = Release|Any CPU
		{BAEFFDEF-FC7B-4612-B7EC-B33AF27C35F5}.Release|Any CPU.Build.0 = Release|Any CPU
		{BA5A827C-A6D1-4698-BBE5-55BBC6094260}.Debug|Any CPU.ActiveCfg = Debug|Any CPU
		{BA5A827C-A6D1-4698-BBE5-55BBC6094260}.Debug|Any CPU.Build.0 = Debug|Any CPU
		{BA5A827C-A6D1-4698-BBE5-55BBC6094260}.Release|Any CPU.ActiveCfg = Release|Any CPU
		{BA5A827C-A6D1-4698-BBE5-55BBC6094260}.Release|Any CPU.Build.0 = Release|Any CPU
	EndGlobalSection
	GlobalSection(SolutionProperties) = preSolution
		HideSolutionNode = FALSE
	EndGlobalSection
	GlobalSection(ExtensibilityGlobals) = postSolution
		SolutionGuid = {3AD0C189-B5DA-437A-8D44-5AF20E7C1B25}
	EndGlobalSection
EndGlobal
